
Microsoft Visual Studio Solution File, Format Version 12.00
# Visual Studio Version 17
VisualStudioVersion = 17.4.33213.308
MinimumVisualStudioVersion = 10.0.40219.1
Project("{FAE04EC0-301F-11D3-BF4B-00C04F79EFBC}") = "LinqSample001", "LinqSample001\LinqSample001.csproj", "{B5E59A5E-5D48-4295-A32F-5A93A489EF38}"
EndProject
Project("{FAE04EC0-301F-11D3-BF4B-00C04F79EFBC}") = "LinqSample004", "LinqSample004\LinqSample004.csproj", "{26AC3C77-00C5-4AE3-902D-6B7EDE2059BF}"
EndProject
Project("{FAE04EC0-301F-11D3-BF4B-00C04F79EFBC}") = "LinqSample005", "LinqSample005\LinqSample005.csproj", "{083A533A-BD9D-4C52-9C79-6E3AE80B356D}"
EndProject
Project("{FAE04EC0-301F-11D3-BF4B-00C04F79EFBC}") = "LinqSample006", "LinqSample006\LinqSample006.csproj", "{00535499-31D9-4AC0-AD04-63EDAD698398}"
EndProject
Project("{FAE04EC0-301F-11D3-BF4B-00C04F79EFBC}") = "LinqSample008", "LinqSample008\LinqSample008.csproj", "{0CBF10BE-9E06-4A9C-898B-5EA039187E1C}"
EndProject
Project("{FAE04EC0-301F-11D3-BF4B-00C04F79EFBC}") = "LinqSample009", "LinqSample009\LinqSample009.csproj", "{A6848917-59BF-4CDE-9460-7A2339304653}"
EndProject
Global
	GlobalSection(SolutionConfigurationPlatforms) = preSolution
		Debug|Any CPU = Debug|Any CPU
		Release|Any CPU = Release|Any CPU
	EndGlobalSection
	GlobalSection(ProjectConfigurationPlatforms) = postSolution
		{B5E59A5E-5D48-4295-A32F-5A93A489EF38}.Debug|Any CPU.ActiveCfg = Debug|Any CPU
		{B5E59A5E-5D48-4295-A32F-5A93A489EF38}.Debug|Any CPU.Build.0 = Debug|Any CPU
		{B5E59A5E-5D48-4295-A32F-5A93A489EF38}.Release|Any CPU.ActiveCfg = Release|Any CPU
		{B5E59A5E-5D48-4295-A32F-5A93A489EF38}.Release|Any CPU.Build.0 = Release|Any CPU
		{26AC3C77-00C5-4AE3-902D-6B7EDE2059BF}.Debug|Any CPU.ActiveCfg = Debug|Any CPU
		{26AC3C77-00C5-4AE3-902D-6B7EDE2059BF}.Debug|Any CPU.Build.0 = Debug|Any CPU
		{26AC3C77-00C5-4AE3-902D-6B7EDE2059BF}.Release|Any CPU.ActiveCfg = Release|Any CPU
		{26AC3C77-00C5-4AE3-902D-6B7EDE2059BF}.Release|Any CPU.Build.0 = Release|Any CPU
		{083A533A-BD9D-4C52-9C79-6E3AE80B356D}.Debug|Any CPU.ActiveCfg = Debug|Any CPU
		{083A533A-BD9D-4C52-9C79-6E3AE80B356D}.Debug|Any CPU.Build.0 = Debug|Any CPU
		{083A533A-BD9D-4C52-9C79-6E3AE80B356D}.Release|Any CPU.ActiveCfg = Release|Any CPU
		{083A533A-BD9D-4C52-9C79-6E3AE80B356D}.Release|Any CPU.Build.0 = Release|Any CPU
		{00535499-31D9-4AC0-AD04-63EDAD698398}.Debug|Any CPU.ActiveCfg = Debug|Any CPU
		{00535499-31D9-4AC0-AD04-63EDAD698398}.Debug|Any CPU.Build.0 = Debug|Any CPU
		{00535499-31D9-4AC0-AD04-63EDAD698398}.Release|Any CPU.ActiveCfg = Release|Any CPU
		{00535499-31D9-4AC0-AD04-63EDAD698398}.Release|Any CPU.Build.0 = Release|Any CPU
		{0CBF10BE-9E06-4A9C-898B-5EA039187E1C}.Debug|Any CPU.ActiveCfg = Debug|Any CPU
		{0CBF10BE-9E06-4A9C-898B-5EA039187E1C}.Debug|Any CPU.Build.0 = Debug|Any CPU
		{0CBF10BE-9E06-4A9C-898B-5EA039187E1C}.Release|Any CPU.ActiveCfg = Release|Any CPU
		{0CBF10BE-9E06-4A9C-898B-5EA039187E1C}.Release|Any CPU.Build.0 = Release|Any CPU
		{A6848917-59BF-4CDE-9460-7A2339304653}.Debug|Any CPU.ActiveCfg = Debug|Any CPU
		{A6848917-59BF-4CDE-9460-7A2339304653}.Debug|Any CPU.Build.0 = Debug|Any CPU
		{A6848917-59BF-4CDE-9460-7A2339304653}.Release|Any CPU.ActiveCfg = Release|Any CPU
		{A6848917-59BF-4CDE-9460-7A2339304653}.Release|Any CPU.Build.0 = Release|Any CPU
	EndGlobalSection
	GlobalSection(SolutionProperties) = preSolution
		HideSolutionNode = FALSE
	EndGlobalSection
	GlobalSection(ExtensibilityGlobals) = postSolution
		SolutionGuid = {F6AC293E-A0EF-48BC-AA2A-F3DF77BE39A4}
	EndGlobalSection
EndGlobal
